// !$*UTF8*$!
{
	archiveVersion = 1;
	classes = {
	};
	objectVersion = 50;
	objects = {

/* Begin PBXBuildFile section */
		223328C7FBD07D328C45CF1B /* Pods_AFNetWorkingDemo.framework in Frameworks */ = {isa = PBXBuildFile; fileRef = F29989764BBAB6C803A12DCE /* Pods_AFNetWorkingDemo.framework */; };
		3CA554E22123D46900B6FEC4 /* AppDelegate.swift in Sources */ = {isa = PBXBuildFile; fileRef = 3CA554E12123D46900B6FEC4 /* AppDelegate.swift */; };
		3CA554E42123D46900B6FEC4 /* ViewController.swift in Sources */ = {isa = PBXBuildFile; fileRef = 3CA554E32123D46900B6FEC4 /* ViewController.swift */; };
		3CA554E72123D46900B6FEC4 /* Main.storyboard in Resources */ = {isa = PBXBuildFile; fileRef = 3CA554E52123D46900B6FEC4 /* Main.storyboard */; };
		3CA554E92123D46C00B6FEC4 /* Assets.xcassets in Resources */ = {isa = PBXBuildFile; fileRef = 3CA554E82123D46C00B6FEC4 /* Assets.xcassets */; };
		3CA554EC2123D46C00B6FEC4 /* LaunchScreen.storyboard in Resources */ = {isa = PBXBuildFile; fileRef = 3CA554EA2123D46C00B6FEC4 /* LaunchScreen.storyboard */; };
/* End PBXBuildFile section */

/* Begin PBXFileReference section */
		2383DCA392C8C2D24BA4577A /* Pods-AFNetWorkingDemo.debug.xcconfig */ = {isa = PBXFileReference; includeInIndex = 1; lastKnownFileType = text.xcconfig; name = "Pods-AFNetWorkingDemo.debug.xcconfig"; path = "Pods/Target Support Files/Pods-AFNetWorkingDemo/Pods-AFNetWorkingDemo.debug.xcconfig"; sourceTree = "<group>"; };
		3C501BAF212516C000ADDAAC /* AFNetWorkingDemo-Bridging-Header.h */ = {isa = PBXFileReference; lastKnownFileType = sourcecode.c.h; path = "AFNetWorkingDemo-Bridging-Header.h"; sourceTree = "<group>"; };
		3CA554DE2123D46900B6FEC4 /* AFNetWorkingDemo.app */ = {isa = PBXFileReference; explicitFileType = wrapper.application; includeInIndex = 0; path = AFNetWorkingDemo.app; sourceTree = BUILT_PRODUCTS_DIR; };
		3CA554E12123D46900B6FEC4 /* AppDelegate.swift */ = {isa = PBXFileReference; lastKnownFileType = sourcecode.swift; path = AppDelegate.swift; sourceTree = "<group>"; };
		3CA554E32123D46900B6FEC4 /* ViewController.swift */ = {isa = PBXFileReference; lastKnownFileType = sourcecode.swift; path = ViewController.swift; sourceTree = "<group>"; };
		3CA554E62123D46900B6FEC4 /* Base */ = {isa = PBXFileReference; lastKnownFileType = file.storyboard; name = Base; path = Base.lproj/Main.storyboard; sourceTree = "<group>"; };
		3CA554E82123D46C00B6FEC4 /* Assets.xcassets */ = {isa = PBXFileReference; lastKnownFileType = folder.assetcatalog; path = Assets.xcassets; sourceTree = "<group>"; };
		3CA554EB2123D46C00B6FEC4 /* Base */ = {isa = PBXFileReference; lastKnownFileType = file.storyboard; name = Base; path = Base.lproj/LaunchScreen.storyboard; sourceTree = "<group>"; };
		3CA554ED2123D46C00B6FEC4 /* Info.plist */ = {isa = PBXFileReference; lastKnownFileType = text.plist.xml; path = Info.plist; sourceTree = "<group>"; };
		D3BCC81027F6BA676E257F84 /* Pods-AFNetWorkingDemo.release.xcconfig */ = {isa = PBXFileReference; includeInIndex = 1; lastKnownFileType = text.xcconfig; name = "Pods-AFNetWorkingDemo.release.xcconfig"; path = "Pods/Target Support Files/Pods-AFNetWorkingDemo/Pods-AFNetWorkingDemo.release.xcconfig"; sourceTree = "<group>"; };
		F29989764BBAB6C803A12DCE /* Pods_AFNetWorkingDemo.framework */ = {isa = PBXFileReference; explicitFileType = wrapper.framework; includeInIndex = 0; path = Pods_AFNetWorkingDemo.framework; sourceTree = BUILT_PRODUCTS_DIR; };
/* End PBXFileReference section */

/* Begin PBXFrameworksBuildPhase section */
		3CA554DB2123D46900B6FEC4 /* Frameworks */ = {
			isa = PBXFrameworksBuildPhase;
			buildActionMask = 2147483647;
			files = (
				223328C7FBD07D328C45CF1B /* Pods_AFNetWorkingDemo.framework in Frameworks */,
			);
			runOnlyForDeploymentPostprocessing = 0;
		};
/* End PBXFrameworksBuildPhase section */

/* Begin PBXGroup section */
		0275CC7F1D4E5CBC78B7AAB2 /* Frameworks */ = {
			isa = PBXGroup;
			children = (
				F29989764BBAB6C803A12DCE /* Pods_AFNetWorkingDemo.framework */,
			);
			name = Frameworks;
			sourceTree = "<group>";
		};
		3CA554D52123D46900B6FEC4 = {
			isa = PBXGroup;
			children = (
				3CA554E02123D46900B6FEC4 /* AFNetWorkingDemo */,
				3CA554DF2123D46900B6FEC4 /* Products */,
				4705928F987FA0577D4D313E /* Pods */,
				0275CC7F1D4E5CBC78B7AAB2 /* Frameworks */,
			);
			sourceTree = "<group>";
		};
		3CA554DF2123D46900B6FEC4 /* Products */ = {
			isa = PBXGroup;
			children = (
				3CA554DE2123D46900B6FEC4 /* AFNetWorkingDemo.app */,
			);
			name = Products;
			sourceTree = "<group>";
		};
		3CA554E02123D46900B6FEC4 /* AFNetWorkingDemo */ = {
			isa = PBXGroup;
			children = (
				3CA554E12123D46900B6FEC4 /* AppDelegate.swift */,
				3CA554E32123D46900B6FEC4 /* ViewController.swift */,
				3CA554E52123D46900B6FEC4 /* Main.storyboard */,
				3CA554E82123D46C00B6FEC4 /* Assets.xcassets */,
				3CA554EA2123D46C00B6FEC4 /* LaunchScreen.storyboard */,
				3CA554ED2123D46C00B6FEC4 /* Info.plist */,
				3C501BAF212516C000ADDAAC /* AFNetWorkingDemo-Bridging-Header.h */,
			);
			path = AFNetWorkingDemo;
			sourceTree = "<group>";
		};
		4705928F987FA0577D4D313E /* Pods */ = {
			isa = PBXGroup;
			children = (
				2383DCA392C8C2D24BA4577A /* Pods-AFNetWorkingDemo.debug.xcconfig */,
				D3BCC81027F6BA676E257F84 /* Pods-AFNetWorkingDemo.release.xcconfig */,
			);
			name = Pods;
			sourceTree = "<group>";
		};
/* End PBXGroup section */

/* Begin PBXNativeTarget section */
		3CA554DD2123D46900B6FEC4 /* AFNetWorkingDemo */ = {
			isa = PBXNativeTarget;
			buildConfigurationList = 3CA554F02123D46C00B6FEC4 /* Build configuration list for PBXNativeTarget "AFNetWorkingDemo" */;
			buildPhases = (
				924F94EC32FDF0CA56772729 /* [CP] Check Pods Manifest.lock */,
				3CA554DA2123D46900B6FEC4 /* Sources */,
				3CA554DB2123D46900B6FEC4 /* Frameworks */,
				3CA554DC2123D46900B6FEC4 /* Resources */,
				893F23CE0C4AA494D773442C /* [CP] Embed Pods Frameworks */,
			);
			buildRules = (
			);
			dependencies = (
			);
			name = AFNetWorkingDemo;
			productName = AFNetWorkingDemo;
			productReference = 3CA554DE2123D46900B6FEC4 /* AFNetWorkingDemo.app */;
			productType = "com.apple.product-type.application";
		};
/* End PBXNativeTarget section */

/* Begin PBXProject section */
		3CA554D62123D46900B6FEC4 /* Project object */ = {
			isa = PBXProject;
			attributes = {
				LastSwiftUpdateCheck = 1000;
				LastUpgradeCheck = 1000;
				ORGANIZATIONNAME = "maconelsun(孙炜)";
				TargetAttributes = {
					3CA554DD2123D46900B6FEC4 = {
						CreatedOnToolsVersion = 10.0;
						LastSwiftMigration = 1000;
					};
				};
			};
			buildConfigurationList = 3CA554D92123D46900B6FEC4 /* Build configuration list for PBXProject "AFNetWorkingDemo" */;
			compatibilityVersion = "Xcode 9.3";
			developmentRegion = en;
			hasScannedForEncodings = 0;
			knownRegions = (
				en,
				Base,
			);
			mainGroup = 3CA554D52123D46900B6FEC4;
			productRefGroup = 3CA554DF2123D46900B6FEC4 /* Products */;
			projectDirPath = "";
			projectRoot = "";
			targets = (
				3CA554DD2123D46900B6FEC4 /* AFNetWorkingDemo */,
			);
		};
/* End PBXProject section */

/* Begin PBXResourcesBuildPhase section */
		3CA554DC2123D46900B6FEC4 /* Resources */ = {
			isa = PBXResourcesBuildPhase;
			buildActionMask = 2147483647;
			files = (
				3CA554EC2123D46C00B6FEC4 /* LaunchScreen.storyboard in Resources */,
				3CA554E92123D46C00B6FEC4 /* Assets.xcassets in Resources */,
				3CA554E72123D46900B6FEC4 /* Main.storyboard in Resources */,
			);
			runOnlyForDeploymentPostprocessing = 0;
		};
/* End PBXResourcesBuildPhase section */

/* Begin PBXShellScriptBuildPhase section */
		893F23CE0C4AA494D773442C /* [CP] Embed Pods Frameworks */ = {
			isa = PBXShellScriptBuildPhase;
			buildActionMask = 2147483647;
			files = (
			);
			inputPaths = (
				"${SRCROOT}/Pods/Target Support Files/Pods-AFNetWorkingDemo/Pods-AFNetWorkingDemo-frameworks.sh",
				"${BUILT_PRODUCTS_DIR}/AFNetworking/AFNetworking.framework",
				"${BUILT_PRODUCTS_DIR}/SnapKit/SnapKit.framework",
			);
			name = "[CP] Embed Pods Frameworks";
			outputPaths = (
				"${TARGET_BUILD_DIR}/${FRAMEWORKS_FOLDER_PATH}/AFNetworking.framework",
				"${TARGET_BUILD_DIR}/${FRAMEWORKS_FOLDER_PATH}/SnapKit.framework",
			);
			runOnlyForDeploymentPostprocessing = 0;
			shellPath = /bin/sh;
			shellScript = "\"${SRCROOT}/Pods/Target Support Files/Pods-AFNetWorkingDemo/Pods-AFNetWorkingDemo-frameworks.sh\"\n";
			showEnvVarsInLog = 0;
		};
		924F94EC32FDF0CA56772729 /* [CP] Check Pods Manifest.lock */ = {
			isa = PBXShellScriptBuildPhase;
			buildActionMask = 2147483647;
			files = (
			);
			inputPaths = (
				"${PODS_PODFILE_DIR_PATH}/Podfile.lock",
				"${PODS_ROOT}/Manifest.lock",
			);
			name = "[CP] Check Pods Manifest.lock";
			outputPaths = (
				"$(DERIVED_FILE_DIR)/Pods-AFNetWorkingDemo-checkManifestLockResult.txt",
			);
			runOnlyForDeploymentPostprocessing = 0;
			shellPath = /bin/sh;
			shellScript = "diff \"${PODS_PODFILE_DIR_PATH}/Podfile.lock\" \"${PODS_ROOT}/Manifest.lock\" > /dev/null\nif [ $? != 0 ] ; then\n    # print error to STDERR\n    echo \"error: The sandbox is not in sync with the Podfile.lock. Run 'pod install' or update your CocoaPods installation.\" >&2\n    exit 1\nfi\n# This output is used by Xcode 'outputs' to avoid re-running this script phase.\necho \"SUCCESS\" > \"${SCRIPT_OUTPUT_FILE_0}\"\n";
			showEnvVarsInLog = 0;
		};
/* End PBXShellScriptBuildPhase section */

/* Begin PBXSourcesBuildPhase section */
		3CA554DA2123D46900B6FEC4 /* Sources */ = {
			isa = PBXSourcesBuildPhase;
			buildActionMask = 2147483647;
			files = (
				3CA554E42123D46900B6FEC4 /* ViewController.swift in Sources */,
				3CA554E22123D46900B6FEC4 /* AppDelegate.swift in Sources */,
			);
			runOnlyForDeploymentPostprocessing = 0;
		};
/* End PBXSourcesBuildPhase section */

/* Begin PBXVariantGroup section */
		3CA554E52123D46900B6FEC4 /* Main.storyboard */ = {
			isa = PBXVariantGroup;
			children = (
				3CA554E62123D46900B6FEC4 /* Base */,
			);
			name = Main.storyboard;
			sourceTree = "<group>";
		};
		3CA554EA2123D46C00B6FEC4 /* LaunchScreen.storyboard */ = {
			isa = PBXVariantGroup;
			children = (
				3CA554EB2123D46C00B6FEC4 /* Base */,
			);
			name = LaunchScreen.storyboard;
			sourceTree = "<group>";
		};
/* End PBXVariantGroup section */

/* Begin XCBuildConfiguration section */
		3CA554EE2123D46C00B6FEC4 /* Debug */ = {
			isa = XCBuildConfiguration;
			buildSettings = {
				ALWAYS_SEARCH_USER_PATHS = NO;
				CLANG_ANALYZER_NONNULL = YES;
				CLANG_ANALYZER_NUMBER_OBJECT_CONVERSION = YES_AGGRESSIVE;
				CLANG_CXX_LANGUAGE_STANDARD = "gnu++14";
				CLANG_CXX_LIBRARY = "libc++";
				CLANG_ENABLE_MODULES = YES;
				CLANG_ENABLE_OBJC_ARC = YES;
				CLANG_ENABLE_OBJC_WEAK = YES;
				CLANG_WARN_BLOCK_CAPTURE_AUTORELEASING = YES;
				CLANG_WARN_BOOL_CONVERSION = YES;
				CLANG_WARN_COMMA = YES;
				CLANG_WARN_CONSTANT_CONVERSION = YES;
				CLANG_WARN_DEPRECATED_OBJC_IMPLEMENTATIONS = YES;
				CLANG_WARN_DIRECT_OBJC_ISA_USAGE = YES_ERROR;
				CLANG_WARN_DOCUMENTATION_COMMENTS = YES;
				CLANG_WARN_EMPTY_BODY = YES;
				CLANG_WARN_ENUM_CONVERSION = YES;
				CLANG_WARN_INFINITE_RECURSION = YES;
				CLANG_WARN_INT_CONVERSION = YES;
				CLANG_WARN_NON_LITERAL_NULL_CONVERSION = YES;
				CLANG_WARN_OBJC_IMPLICIT_RETAIN_SELF = YES;
				CLANG_WARN_OBJC_LITERAL_CONVERSION = YES;
				CLANG_WARN_OBJC_ROOT_CLASS = YES_ERROR;
				CLANG_WARN_RANGE_LOOP_ANALYSIS = YES;
				CLANG_WARN_STRICT_PROTOTYPES = YES;
				CLANG_WARN_SUSPICIOUS_MOVE = YES;
				CLANG_WARN_UNGUARDED_AVAILABILITY = YES_AGGRESSIVE;
				CLANG_WARN_UNREACHABLE_CODE = YES;
				CLANG_WARN__DUPLICATE_METHOD_MATCH = YES;
				CODE_SIGN_IDENTITY = "iPhone Developer";
				COPY_PHASE_STRIP = NO;
				DEBUG_INFORMATION_FORMAT = dwarf;
				ENABLE_STRICT_OBJC_MSGSEND = YES;
				ENABLE_TESTABILITY = YES;
				GCC_C_LANGUAGE_STANDARD = gnu11;
				GCC_DYNAMIC_NO_PIC = NO;
				GCC_NO_COMMON_BLOCKS = YES;
				GCC_OPTIMIZATION_LEVEL = 0;
				GCC_PREPROCESSOR_DEFINITIONS = (
					"DEBUG=1",
					"$(inherited)",
				);
				GCC_WARN_64_TO_32_BIT_CONVERSION = YES;
				GCC_WARN_ABOUT_RETURN_TYPE = YES_ERROR;
				GCC_WARN_UNDECLARED_SELECTOR = YES;
				GCC_WARN_UNINITIALIZED_AUTOS = YES_AGGRESSIVE;
				GCC_WARN_UNUSED_FUNCTION = YES;
				GCC_WARN_UNUSED_VARIABLE = YES;
				IPHONEOS_DEPLOYMENT_TARGET = 12.0;
				MTL_ENABLE_DEBUG_INFO = INCLUDE_SOURCE;
				MTL_FAST_MATH = YES;
				ONLY_ACTIVE_ARCH = YES;
				SDKROOT = iphoneos;
				SWIFT_ACTIVE_COMPILATION_CONDITIONS = DEBUG;
				SWIFT_OPTIMIZATION_LEVEL = "-Onone";
			};
			name = Debug;
		};
		3CA554EF2123D46C00B6FEC4 /* Release */ = {
			isa = XCBuildConfiguration;
			buildSettings = {
				ALWAYS_SEARCH_USER_PATHS = NO;
				CLANG_ANALYZER_NONNULL = YES;
				CLANG_ANALYZER_NUMBER_OBJECT_CONVERSION = YES_AGGRESSIVE;
				CLANG_CXX_LANGUAGE_STANDARD = "gnu++14";
				CLANG_CXX_LIBRARY = "libc++";
				CLANG_ENABLE_MODULES = YES;
				CLANG_ENABLE_OBJC_ARC = YES;
				CLANG_ENABLE_OBJC_WEAK = YES;
				CLANG_WARN_BLOCK_CAPTURE_AUTORELEASING = YES;
				CLANG_WARN_BOOL_CONVERSION = YES;
				CLANG_WARN_COMMA = YES;
				CLANG_WARN_CONSTANT_CONVERSION = YES;
				CLANG_WARN_DEPRECATED_OBJC_IMPLEMENTATIONS = YES;
				CLANG_WARN_DIRECT_OBJC_ISA_USAGE = YES_ERROR;
				CLANG_WARN_DOCUMENTATION_COMMENTS = YES;
				CLANG_WARN_EMPTY_BODY = YES;
				CLANG_WARN_ENUM_CONVERSION = YES;
				CLANG_WARN_INFINITE_RECURSION = YES;
				CLANG_WARN_INT_CONVERSION = YES;
				CLANG_WARN_NON_LITERAL_NULL_CONVERSION = YES;
				CLANG_WARN_OBJC_IMPLICIT_RETAIN_SELF = YES;
				CLANG_WARN_OBJC_LITERAL_CONVERSION = YES;
				CLANG_WARN_OBJC_ROOT_CLASS = YES_ERROR;
				CLANG_WARN_RANGE_LOOP_ANALYSIS = YES;
				CLANG_WARN_STRICT_PROTOTYPES = YES;
				CLANG_WARN_SUSPICIOUS_MOVE = YES;
				CLANG_WARN_UNGUARDED_AVAILABILITY = YES_AGGRESSIVE;
				CLANG_WARN_UNREACHABLE_CODE = YES;
				CLANG_WARN__DUPLICATE_METHOD_MATCH = YES;
				CODE_SIGN_IDENTITY = "iPhone Developer";
				COPY_PHASE_STRIP = NO;
				DEBUG_INFORMATION_FORMAT = "dwarf-with-dsym";
				ENABLE_NS_ASSERTIONS = NO;
				ENABLE_STRICT_OBJC_MSGSEND = YES;
				GCC_C_LANGUAGE_STANDARD = gnu11;
				GCC_NO_COMMON_BLOCKS = YES;
				GCC_WARN_64_TO_32_BIT_CONVERSION = YES;
				GCC_WARN_ABOUT_RETURN_TYPE = YES_ERROR;
				GCC_WARN_UNDECLARED_SELECTOR = YES;
				GCC_WARN_UNINITIALIZED_AUTOS = YES_AGGRESSIVE;
				GCC_WARN_UNUSED_FUNCTION = YES;
				GCC_WARN_UNUSED_VARIABLE = YES;
				IPHONEOS_DEPLOYMENT_TARGET = 12.0;
				MTL_ENABLE_DEBUG_INFO = NO;
				MTL_FAST_MATH = YES;
				SDKROOT = iphoneos;
				SWIFT_COMPILATION_MODE = wholemodule;
				SWIFT_OPTIMIZATION_LEVEL = "-O";
				VALIDATE_PRODUCT = YES;
			};
			name = Release;
		};
		3CA554F12123D46C00B6FEC4 /* Debug */ = {
			isa = XCBuildConfiguration;
			baseConfigurationReference = 2383DCA392C8C2D24BA4577A /* Pods-AFNetWorkingDemo.debug.xcconfig */;
			buildSettings = {
				ASSETCATALOG_COMPILER_APPICON_NAME = AppIcon;
				CLANG_ENABLE_MODULES = YES;
				CODE_SIGN_STYLE = Automatic;
				INFOPLIST_FILE = AFNetWorkingDemo/Info.plist;
				LD_RUNPATH_SEARCH_PATHS = (
					"$(inherited)",
					"@executable_path/Frameworks",
				);
				PRODUCT_BUNDLE_IDENTIFIER = pla.AFNetWorkingDemo;
				PRODUCT_NAME = "$(TARGET_NAME)";
				SWIFT_OBJC_BRIDGING_HEADER = "AFNetWorkingDemo/AFNetWorkingDemo-Bridging-Header.h";
				SWIFT_OPTIMIZATION_LEVEL = "-Onone";
				SWIFT_VERSION = 4.2;
				TARGETED_DEVICE_FAMILY = "1,2";
			};
			name = Debug;
		};
		3CA554F22123D46C00B6FEC4 /* Release */ = {
			isa = XCBuildConfiguration;
			baseConfigurationReference = D3BCC81027F6BA676E257F84 /* Pods-AFNetWorkingDemo.release.xcconfig */;
			buildSettings = {
				ASSETCATALOG_COMPILER_APPICON_NAME = AppIcon;
				CLANG_ENABLE_MODULES = YES;
				CODE_SIGN_STYLE = Automatic;
				INFOPLIST_FILE = AFNetWorkingDemo/Info.plist;
				LD_RUNPATH_SEARCH_PATHS = (
					"$(inherited)",
					"@executable_path/Frameworks",
				);
				PRODUCT_BUNDLE_IDENTIFIER = pla.AFNetWorkingDemo;
				PRODUCT_NAME = "$(TARGET_NAME)";
				SWIFT_OBJC_BRIDGING_HEADER = "AFNetWorkingDemo/AFNetWorkingDemo-Bridging-Header.h";
				SWIFT_VERSION = 4.2;
				TARGETED_DEVICE_FAMILY = "1,2";
			};
			name = Release;
		};
/* End XCBuildConfiguration section */

/* Begin XCConfigurationList section */
		3CA554D92123D46900B6FEC4 /* Build configuration list for PBXProject "AFNetWorkingDemo" */ = {
			isa = XCConfigurationList;
			buildConfigurations = (
				3CA554EE2123D46C00B6FEC4 /* Debug */,
				3CA554EF2123D46C00B6FEC4 /* Release */,
			);
			defaultConfigurationIsVisible = 0;
			defaultConfigurationName = Release;
		};
		3CA554F02123D46C00B6FEC4 /* Build configuration list for PBXNativeTarget "AFNetWorkingDemo" */ = {
			isa = XCConfigurationList;
			buildConfigurations = (
				3CA554F12123D46C00B6FEC4 /* Debug */,
				3CA554F22123D46C00B6FEC4 /* Release */,
			);
			defaultConfigurationIsVisible = 0;
			defaultConfigurationName = Release;
		};
/* End XCConfigurationList section */
	};
	rootObject = 3CA554D62123D46900B6FEC4 /* Project object */;
}
